// !$*UTF8*$!
{
	archiveVersion = 1;
	classes = {
	};
	objectVersion = 56;
	objects = {

/* Begin PBXBuildFile section */
		CAFC2AD129A5715900C9C7A5 /* MovieRecsApp.swift in Sources */ = {isa = PBXBuildFile; fileRef = CAFC2AD029A5715900C9C7A5 /* MovieRecsApp.swift */; };
		CAFC2AD329A5715900C9C7A5 /* ContentView.swift in Sources */ = {isa = PBXBuildFile; fileRef = CAFC2AD229A5715900C9C7A5 /* ContentView.swift */; };
		CAFC2AD529A5715B00C9C7A5 /* Assets.xcassets in Resources */ = {isa = PBXBuildFile; fileRef = CAFC2AD429A5715B00C9C7A5 /* Assets.xcassets */; };
		CAFC2AD829A5715B00C9C7A5 /* Preview Assets.xcassets in Resources */ = {isa = PBXBuildFile; fileRef = CAFC2AD729A5715B00C9C7A5 /* Preview Assets.xcassets */; };
		CAFC2ADA29A5715B00C9C7A5 /* Persistence.swift in Sources */ = {isa = PBXBuildFile; fileRef = CAFC2AD929A5715B00C9C7A5 /* Persistence.swift */; };
		CAFC2ADD29A5715B00C9C7A5 /* MovieRecs.xcdatamodeld in Sources */ = {isa = PBXBuildFile; fileRef = CAFC2ADB29A5715B00C9C7A5 /* MovieRecs.xcdatamodeld */; };
		CAFC2AE429A5717B00C9C7A5 /* API.swift in Sources */ = {isa = PBXBuildFile; fileRef = CAFC2AE329A5717B00C9C7A5 /* API.swift */; };
		CAFC2AE629A571F200C9C7A5 /* LoginView.swift in Sources */ = {isa = PBXBuildFile; fileRef = CAFC2AE529A571F200C9C7A5 /* LoginView.swift */; };
		CAFC2AE829A5721900C9C7A5 /* TierListView.swift in Sources */ = {isa = PBXBuildFile; fileRef = CAFC2AE729A5721900C9C7A5 /* TierListView.swift */; };
		CAFC2AEA29A5723E00C9C7A5 /* User.swift in Sources */ = {isa = PBXBuildFile; fileRef = CAFC2AE929A5723E00C9C7A5 /* User.swift */; };
		CAFC2AEC29A5725400C9C7A5 /* Movie.swift in Sources */ = {isa = PBXBuildFile; fileRef = CAFC2AEB29A5725400C9C7A5 /* Movie.swift */; };
/* End PBXBuildFile section */

/* Begin PBXFileReference section */
		CAFC2ACD29A5715900C9C7A5 /* MovieRecs.app */ = {isa = PBXFileReference; explicitFileType = wrapper.application; includeInIndex = 0; path = MovieRecs.app; sourceTree = BUILT_PRODUCTS_DIR; };
		CAFC2AD029A5715900C9C7A5 /* MovieRecsApp.swift */ = {isa = PBXFileReference; lastKnownFileType = sourcecode.swift; path = MovieRecsApp.swift; sourceTree = "<group>"; };
		CAFC2AD229A5715900C9C7A5 /* ContentView.swift */ = {isa = PBXFileReference; lastKnownFileType = sourcecode.swift; path = ContentView.swift; sourceTree = "<group>"; };
		CAFC2AD429A5715B00C9C7A5 /* Assets.xcassets */ = {isa = PBXFileReference; lastKnownFileType = folder.assetcatalog; path = Assets.xcassets; sourceTree = "<group>"; };
		CAFC2AD729A5715B00C9C7A5 /* Preview Assets.xcassets */ = {isa = PBXFileReference; lastKnownFileType = folder.assetcatalog; path = "Preview Assets.xcassets"; sourceTree = "<group>"; };
		CAFC2AD929A5715B00C9C7A5 /* Persistence.swift */ = {isa = PBXFileReference; lastKnownFileType = sourcecode.swift; path = Persistence.swift; sourceTree = "<group>"; };
		CAFC2ADC29A5715B00C9C7A5 /* MovieRecs.xcdatamodel */ = {isa = PBXFileReference; lastKnownFileType = wrapper.xcdatamodel; path = MovieRecs.xcdatamodel; sourceTree = "<group>"; };
		CAFC2AE329A5717B00C9C7A5 /* API.swift */ = {isa = PBXFileReference; lastKnownFileType = sourcecode.swift; path = API.swift; sourceTree = "<group>"; };
		CAFC2AE529A571F200C9C7A5 /* LoginView.swift */ = {isa = PBXFileReference; lastKnownFileType = sourcecode.swift; path = LoginView.swift; sourceTree = "<group>"; };
		CAFC2AE729A5721900C9C7A5 /* TierListView.swift */ = {isa = PBXFileReference; lastKnownFileType = sourcecode.swift; path = TierListView.swift; sourceTree = "<group>"; };
		CAFC2AE929A5723E00C9C7A5 /* User.swift */ = {isa = PBXFileReference; lastKnownFileType = sourcecode.swift; path = User.swift; sourceTree = "<group>"; };
		CAFC2AEB29A5725400C9C7A5 /* Movie.swift */ = {isa = PBXFileReference; lastKnownFileType = sourcecode.swift; path = Movie.swift; sourceTree = "<group>"; };
/* End PBXFileReference section */

/* Begin PBXFrameworksBuildPhase section */
		CAFC2ACA29A5715900C9C7A5 /* Frameworks */ = {
			isa = PBXFrameworksBuildPhase;
			buildActionMask = 2147483647;
			files = (
			);
			runOnlyForDeploymentPostprocessing = 0;
		};
/* End PBXFrameworksBuildPhase section */

/* Begin PBXGroup section */
		CAFC2AC429A5715900C9C7A5 = {
			isa = PBXGroup;
			children = (
				CAFC2ACF29A5715900C9C7A5 /* MovieRecs */,
				CAFC2ACE29A5715900C9C7A5 /* Products */,
			);
			sourceTree = "<group>";
		};
		CAFC2ACE29A5715900C9C7A5 /* Products */ = {
			isa = PBXGroup;
			children = (
				CAFC2ACD29A5715900C9C7A5 /* MovieRecs.app */,
			);
			name = Products;
			sourceTree = "<group>";
		};
		CAFC2ACF29A5715900C9C7A5 /* MovieRecs */ = {
			isa = PBXGroup;
			children = (
				CAFC2AD029A5715900C9C7A5 /* MovieRecsApp.swift */,
				CAFC2AED29A5726300C9C7A5 /* Views */,
				CAFC2AEE29A5727600C9C7A5 /* Model */,
				CAFC2AD429A5715B00C9C7A5 /* Assets.xcassets */,
				CAFC2AD929A5715B00C9C7A5 /* Persistence.swift */,
				CAFC2ADB29A5715B00C9C7A5 /* MovieRecs.xcdatamodeld */,
				CAFC2AD629A5715B00C9C7A5 /* Preview Content */,
			);
			path = MovieRecs;
			sourceTree = "<group>";
		};
		CAFC2AD629A5715B00C9C7A5 /* Preview Content */ = {
			isa = PBXGroup;
			children = (
				CAFC2AD729A5715B00C9C7A5 /* Preview Assets.xcassets */,
			);
			path = "Preview Content";
			sourceTree = "<group>";
		};
		CAFC2AED29A5726300C9C7A5 /* Views */ = {
			isa = PBXGroup;
			children = (
				CAFC2AE729A5721900C9C7A5 /* TierListView.swift */,
				CAFC2AD229A5715900C9C7A5 /* ContentView.swift */,
				CAFC2AE529A571F200C9C7A5 /* LoginView.swift */,
			);
			path = Views;
			sourceTree = "<group>";
		};
		CAFC2AEE29A5727600C9C7A5 /* Model */ = {
			isa = PBXGroup;
			children = (
				CAFC2AE929A5723E00C9C7A5 /* User.swift */,
				CAFC2AEB29A5725400C9C7A5 /* Movie.swift */,
				CAFC2AE329A5717B00C9C7A5 /* API.swift */,
			);
			path = Model;
			sourceTree = "<group>";
		};
/* End PBXGroup section */

/* Begin PBXNativeTarget section */
		CAFC2ACC29A5715900C9C7A5 /* MovieRecs */ = {
			isa = PBXNativeTarget;
			buildConfigurationList = CAFC2AE029A5715B00C9C7A5 /* Build configuration list for PBXNativeTarget "MovieRecs" */;
			buildPhases = (
				CAFC2AC929A5715900C9C7A5 /* Sources */,
				CAFC2ACA29A5715900C9C7A5 /* Frameworks */,
				CAFC2ACB29A5715900C9C7A5 /* Resources */,
			);
			buildRules = (
			);
			dependencies = (
			);
			name = MovieRecs;
			productName = MovieRecs;
			productReference = CAFC2ACD29A5715900C9C7A5 /* MovieRecs.app */;
			productType = "com.apple.product-type.application";
		};
/* End PBXNativeTarget section */

/* Begin PBXProject section */
		CAFC2AC529A5715900C9C7A5 /* Project object */ = {
			isa = PBXProject;
			attributes = {
				BuildIndependentTargetsInParallel = 1;
				LastSwiftUpdateCheck = 1420;
				LastUpgradeCheck = 1420;
				TargetAttributes = {
					CAFC2ACC29A5715900C9C7A5 = {
						CreatedOnToolsVersion = 14.2;
					};
				};
			};
			buildConfigurationList = CAFC2AC829A5715900C9C7A5 /* Build configuration list for PBXProject "MovieRecs" */;
			compatibilityVersion = "Xcode 14.0";
			developmentRegion = en;
			hasScannedForEncodings = 0;
			knownRegions = (
				en,
				Base,
			);
			mainGroup = CAFC2AC429A5715900C9C7A5;
			productRefGroup = CAFC2ACE29A5715900C9C7A5 /* Products */;
			projectDirPath = "";
			projectRoot = "";
			targets = (
				CAFC2ACC29A5715900C9C7A5 /* MovieRecs */,
			);
		};
/* End PBXProject section */

/* Begin PBXResourcesBuildPhase section */
		CAFC2ACB29A5715900C9C7A5 /* Resources */ = {
			isa = PBXResourcesBuildPhase;
			buildActionMask = 2147483647;
			files = (
				CAFC2AD829A5715B00C9C7A5 /* Preview Assets.xcassets in Resources */,
				CAFC2AD529A5715B00C9C7A5 /* Assets.xcassets in Resources */,
			);
			runOnlyForDeploymentPostprocessing = 0;
		};
/* End PBXResourcesBuildPhase section */

/* Begin PBXSourcesBuildPhase section */
		CAFC2AC929A5715900C9C7A5 /* Sources */ = {
			isa = PBXSourcesBuildPhase;
			buildActionMask = 2147483647;
			files = (
				CAFC2AE629A571F200C9C7A5 /* LoginView.swift in Sources */,
				CAFC2ADA29A5715B00C9C7A5 /* Persistence.swift in Sources */,
				CAFC2AEC29A5725400C9C7A5 /* Movie.swift in Sources */,
				CAFC2AD329A5715900C9C7A5 /* ContentView.swift in Sources */,
				CAFC2AD129A5715900C9C7A5 /* MovieRecsApp.swift in Sources */,
				CAFC2AEA29A5723E00C9C7A5 /* User.swift in Sources */,
				CAFC2AE829A5721900C9C7A5 /* TierListView.swift in Sources */,
				CAFC2ADD29A5715B00C9C7A5 /* MovieRecs.xcdatamodeld in Sources */,
				CAFC2AE429A5717B00C9C7A5 /* API.swift in Sources */,
			);
			runOnlyForDeploymentPostprocessing = 0;
		};
/* End PBXSourcesBuildPhase section */

/* Begin XCBuildConfiguration section */
		CAFC2ADE29A5715B00C9C7A5 /* Debug */ = {
			isa = XCBuildConfiguration;
			buildSettings = {
				ALWAYS_SEARCH_USER_PATHS = NO;
				CLANG_ANALYZER_NONNULL = YES;
				CLANG_ANALYZER_NUMBER_OBJECT_CONVERSION = YES_AGGRESSIVE;
				CLANG_CXX_LANGUAGE_STANDARD = "gnu++20";
				CLANG_ENABLE_MODULES = YES;
				CLANG_ENABLE_OBJC_ARC = YES;
				CLANG_ENABLE_OBJC_WEAK = YES;
				CLANG_WARN_BLOCK_CAPTURE_AUTORELEASING = YES;
				CLANG_WARN_BOOL_CONVERSION = YES;
				CLANG_WARN_COMMA = YES;
				CLANG_WARN_CONSTANT_CONVERSION = YES;
				CLANG_WARN_DEPRECATED_OBJC_IMPLEMENTATIONS = YES;
				CLANG_WARN_DIRECT_OBJC_ISA_USAGE = YES_ERROR;
				CLANG_WARN_DOCUMENTATION_COMMENTS = YES;
				CLANG_WARN_EMPTY_BODY = YES;
				CLANG_WARN_ENUM_CONVERSION = YES;
				CLANG_WARN_INFINITE_RECURSION = YES;
				CLANG_WARN_INT_CONVERSION = YES;
				CLANG_WARN_NON_LITERAL_NULL_CONVERSION = YES;
				CLANG_WARN_OBJC_IMPLICIT_RETAIN_SELF = YES;
				CLANG_WARN_OBJC_LITERAL_CONVERSION = YES;
				CLANG_WARN_OBJC_ROOT_CLASS = YES_ERROR;
				CLANG_WARN_QUOTED_INCLUDE_IN_FRAMEWORK_HEADER = YES;
				CLANG_WARN_RANGE_LOOP_ANALYSIS = YES;
				CLANG_WARN_STRICT_PROTOTYPES = YES;
				CLANG_WARN_SUSPICIOUS_MOVE = YES;
				CLANG_WARN_UNGUARDED_AVAILABILITY = YES_AGGRESSIVE;
				CLANG_WARN_UNREACHABLE_CODE = YES;
				CLANG_WARN__DUPLICATE_METHOD_MATCH = YES;
				COPY_PHASE_STRIP = NO;
				DEBUG_INFORMATION_FORMAT = dwarf;
				ENABLE_STRICT_OBJC_MSGSEND = YES;
				ENABLE_TESTABILITY = YES;
				GCC_C_LANGUAGE_STANDARD = gnu11;
				GCC_DYNAMIC_NO_PIC = NO;
				GCC_NO_COMMON_BLOCKS = YES;
				GCC_OPTIMIZATION_LEVEL = 0;
				GCC_PREPROCESSOR_DEFINITIONS = (
					"DEBUG=1",
					"$(inherited)",
				);
				GCC_WARN_64_TO_32_BIT_CONVERSION = YES;
				GCC_WARN_ABOUT_RETURN_TYPE = YES_ERROR;
				GCC_WARN_UNDECLARED_SELECTOR = YES;
				GCC_WARN_UNINITIALIZED_AUTOS = YES_AGGRESSIVE;
				GCC_WARN_UNUSED_FUNCTION = YES;
				GCC_WARN_UNUSED_VARIABLE = YES;
				IPHONEOS_DEPLOYMENT_TARGET = 16.2;
				MTL_ENABLE_DEBUG_INFO = INCLUDE_SOURCE;
				MTL_FAST_MATH = YES;
				ONLY_ACTIVE_ARCH = YES;
				SDKROOT = iphoneos;
				SWIFT_ACTIVE_COMPILATION_CONDITIONS = DEBUG;
				SWIFT_OPTIMIZATION_LEVEL = "-Onone";
			};
			name = Debug;
		};
		CAFC2ADF29A5715B00C9C7A5 /* Release */ = {
			isa = XCBuildConfiguration;
			buildSettings = {
				ALWAYS_SEARCH_USER_PATHS = NO;
				CLANG_ANALYZER_NONNULL = YES;
				CLANG_ANALYZER_NUMBER_OBJECT_CONVERSION = YES_AGGRESSIVE;
				CLANG_CXX_LANGUAGE_STANDARD = "gnu++20";
				CLANG_ENABLE_MODULES = YES;
				CLANG_ENABLE_OBJC_ARC = YES;
				CLANG_ENABLE_OBJC_WEAK = YES;
				CLANG_WARN_BLOCK_CAPTURE_AUTORELEASING = YES;
				CLANG_WARN_BOOL_CONVERSION = YES;
				CLANG_WARN_COMMA = YES;
				CLANG_WARN_CONSTANT_CONVERSION = YES;
				CLANG_WARN_DEPRECATED_OBJC_IMPLEMENTATIONS = YES;
				CLANG_WARN_DIRECT_OBJC_ISA_USAGE = YES_ERROR;
				CLANG_WARN_DOCUMENTATION_COMMENTS = YES;
				CLANG_WARN_EMPTY_BODY = YES;
				CLANG_WARN_ENUM_CONVERSION = YES;
				CLANG_WARN_INFINITE_RECURSION = YES;
				CLANG_WARN_INT_CONVERSION = YES;
				CLANG_WARN_NON_LITERAL_NULL_CONVERSION = YES;
				CLANG_WARN_OBJC_IMPLICIT_RETAIN_SELF = YES;
				CLANG_WARN_OBJC_LITERAL_CONVERSION = YES;
				CLANG_WARN_OBJC_ROOT_CLASS = YES_ERROR;
				CLANG_WARN_QUOTED_INCLUDE_IN_FRAMEWORK_HEADER = YES;
				CLANG_WARN_RANGE_LOOP_ANALYSIS = YES;
				CLANG_WARN_STRICT_PROTOTYPES = YES;
				CLANG_WARN_SUSPICIOUS_MOVE = YES;
				CLANG_WARN_UNGUARDED_AVAILABILITY = YES_AGGRESSIVE;
				CLANG_WARN_UNREACHABLE_CODE = YES;
				CLANG_WARN__DUPLICATE_METHOD_MATCH = YES;
				COPY_PHASE_STRIP = NO;
				DEBUG_INFORMATION_FORMAT = "dwarf-with-dsym";
				ENABLE_NS_ASSERTIONS = NO;
				ENABLE_STRICT_OBJC_MSGSEND = YES;
				GCC_C_LANGUAGE_STANDARD = gnu11;
				GCC_NO_COMMON_BLOCKS = YES;
				GCC_WARN_64_TO_32_BIT_CONVERSION = YES;
				GCC_WARN_ABOUT_RETURN_TYPE = YES_ERROR;
				GCC_WARN_UNDECLARED_SELECTOR = YES;
				GCC_WARN_UNINITIALIZED_AUTOS = YES_AGGRESSIVE;
				GCC_WARN_UNUSED_FUNCTION = YES;
				GCC_WARN_UNUSED_VARIABLE = YES;
				IPHONEOS_DEPLOYMENT_TARGET = 16.2;
				MTL_ENABLE_DEBUG_INFO = NO;
				MTL_FAST_MATH = YES;
				SDKROOT = iphoneos;
				SWIFT_COMPILATION_MODE = wholemodule;
				SWIFT_OPTIMIZATION_LEVEL = "-O";
				VALIDATE_PRODUCT = YES;
			};
			name = Release;
		};
		CAFC2AE129A5715B00C9C7A5 /* Debug */ = {
			isa = XCBuildConfiguration;
			buildSettings = {
				ASSETCATALOG_COMPILER_APPICON_NAME = AppIcon;
				ASSETCATALOG_COMPILER_GLOBAL_ACCENT_COLOR_NAME = AccentColor;
				CODE_SIGN_STYLE = Automatic;
				CURRENT_PROJECT_VERSION = 1;
				DEVELOPMENT_ASSET_PATHS = "\"MovieRecs/Preview Content\"";
				DEVELOPMENT_TEAM = A3VL267Y3N;
				ENABLE_PREVIEWS = YES;
				GENERATE_INFOPLIST_FILE = YES;
				INFOPLIST_KEY_UIApplicationSceneManifest_Generation = YES;
				INFOPLIST_KEY_UIApplicationSupportsIndirectInputEvents = YES;
				INFOPLIST_KEY_UILaunchScreen_Generation = YES;
				INFOPLIST_KEY_UISupportedInterfaceOrientations_iPad = "UIInterfaceOrientationPortrait UIInterfaceOrientationPortraitUpsideDown UIInterfaceOrientationLandscapeLeft UIInterfaceOrientationLandscapeRight";
				INFOPLIST_KEY_UISupportedInterfaceOrientations_iPhone = "UIInterfaceOrientationPortrait UIInterfaceOrientationLandscapeLeft UIInterfaceOrientationLandscapeRight";
				LD_RUNPATH_SEARCH_PATHS = (
					"$(inherited)",
					"@executable_path/Frameworks",
				);
				MARKETING_VERSION = 1.0;
				PRODUCT_BUNDLE_IDENTIFIER = com.gtiosclub.MovieRecs;
				PRODUCT_NAME = "$(TARGET_NAME)";
				SWIFT_EMIT_LOC_STRINGS = YES;
				SWIFT_VERSION = 5.0;
				TARGETED_DEVICE_FAMILY = "1,2";
			};
			name = Debug;
		};
		CAFC2AE229A5715B00C9C7A5 /* Release */ = {
			isa = XCBuildConfiguration;
			buildSettings = {
				ASSETCATALOG_COMPILER_APPICON_NAME = AppIcon;
				ASSETCATALOG_COMPILER_GLOBAL_ACCENT_COLOR_NAME = AccentColor;
				CODE_SIGN_STYLE = Automatic;
				CURRENT_PROJECT_VERSION = 1;
				DEVELOPMENT_ASSET_PATHS = "\"MovieRecs/Preview Content\"";
				DEVELOPMENT_TEAM = A3VL267Y3N;
				ENABLE_PREVIEWS = YES;
				GENERATE_INFOPLIST_FILE = YES;
				INFOPLIST_KEY_UIApplicationSceneManifest_Generation = YES;
				INFOPLIST_KEY_UIApplicationSupportsIndirectInputEvents = YES;
				INFOPLIST_KEY_UILaunchScreen_Generation = YES;
				INFOPLIST_KEY_UISupportedInterfaceOrientations_iPad = "UIInterfaceOrientationPortrait UIInterfaceOrientationPortraitUpsideDown UIInterfaceOrientationLandscapeLeft UIInterfaceOrientationLandscapeRight";
				INFOPLIST_KEY_UISupportedInterfaceOrientations_iPhone = "UIInterfaceOrientationPortrait UIInterfaceOrientationLandscapeLeft UIInterfaceOrientationLandscapeRight";
				LD_RUNPATH_SEARCH_PATHS = (
					"$(inherited)",
					"@executable_path/Frameworks",
				);
				MARKETING_VERSION = 1.0;
				PRODUCT_BUNDLE_IDENTIFIER = com.gtiosclub.MovieRecs;
				PRODUCT_NAME = "$(TARGET_NAME)";
				SWIFT_EMIT_LOC_STRINGS = YES;
				SWIFT_VERSION = 5.0;
				TARGETED_DEVICE_FAMILY = "1,2";
			};
			name = Release;
		};
/* End XCBuildConfiguration section */

/* Begin XCConfigurationList section */
		CAFC2AC829A5715900C9C7A5 /* Build configuration list for PBXProject "MovieRecs" */ = {
			isa = XCConfigurationList;
			buildConfigurations = (
				CAFC2ADE29A5715B00C9C7A5 /* Debug */,
				CAFC2ADF29A5715B00C9C7A5 /* Release */,
			);
			defaultConfigurationIsVisible = 0;
			defaultConfigurationName = Release;
		};
		CAFC2AE029A5715B00C9C7A5 /* Build configuration list for PBXNativeTarget "MovieRecs" */ = {
			isa = XCConfigurationList;
			buildConfigurations = (
				CAFC2AE129A5715B00C9C7A5 /* Debug */,
				CAFC2AE229A5715B00C9C7A5 /* Release */,
			);
			defaultConfigurationIsVisible = 0;
			defaultConfigurationName = Release;
		};
/* End XCConfigurationList section */

/* Begin XCVersionGroup section */
		CAFC2ADB29A5715B00C9C7A5 /* MovieRecs.xcdatamodeld */ = {
			isa = XCVersionGroup;
			children = (
				CAFC2ADC29A5715B00C9C7A5 /* MovieRecs.xcdatamodel */,
			);
			currentVersion = CAFC2ADC29A5715B00C9C7A5 /* MovieRecs.xcdatamodel */;
			path = MovieRecs.xcdatamodeld;
			sourceTree = "<group>";
			versionGroupType = wrapper.xcdatamodel;
		};
/* End XCVersionGroup section */
	};
	rootObject = CAFC2AC529A5715900C9C7A5 /* Project object */;
}
